// !$*UTF8*$!
{
	archiveVersion = 1;
	classes = {
	};
	objectVersion = 51;
	objects = {

/* Begin PBXBuildFile section */
		140410B22721F23D00D09104 /* AppDelegate.swift in Sources */ = {isa = PBXBuildFile; fileRef = 140410B12721F23D00D09104 /* AppDelegate.swift */; };
		140410B42721F23D00D09104 /* SceneDelegate.swift in Sources */ = {isa = PBXBuildFile; fileRef = 140410B32721F23D00D09104 /* SceneDelegate.swift */; };
		140410B62721F23D00D09104 /* MainVC.swift in Sources */ = {isa = PBXBuildFile; fileRef = 140410B52721F23D00D09104 /* MainVC.swift */; };
		140410B92721F23D00D09104 /* Main.storyboard in Resources */ = {isa = PBXBuildFile; fileRef = 140410B72721F23D00D09104 /* Main.storyboard */; };
		140410BB2721F24300D09104 /* Assets.xcassets in Resources */ = {isa = PBXBuildFile; fileRef = 140410BA2721F24300D09104 /* Assets.xcassets */; };
		140410BE2721F24300D09104 /* LaunchScreen.storyboard in Resources */ = {isa = PBXBuildFile; fileRef = 140410BC2721F24300D09104 /* LaunchScreen.storyboard */; };
		141349A927286D320050C2BC /* MapVC.swift in Sources */ = {isa = PBXBuildFile; fileRef = 141349A727286D320050C2BC /* MapVC.swift */; };
		141349AA27286D320050C2BC /* MapVC.xib in Resources */ = {isa = PBXBuildFile; fileRef = 141349A827286D320050C2BC /* MapVC.xib */; };
		141349AD27286D490050C2BC /* CameraVC.swift in Sources */ = {isa = PBXBuildFile; fileRef = 141349AB27286D490050C2BC /* CameraVC.swift */; };
		141349AE27286D490050C2BC /* CameraVC.xib in Resources */ = {isa = PBXBuildFile; fileRef = 141349AC27286D490050C2BC /* CameraVC.xib */; };
		141349B127286D550050C2BC /* AccountVC.swift in Sources */ = {isa = PBXBuildFile; fileRef = 141349AF27286D550050C2BC /* AccountVC.swift */; };
		141349B227286D550050C2BC /* AccountVC.xib in Resources */ = {isa = PBXBuildFile; fileRef = 141349B027286D550050C2BC /* AccountVC.xib */; };
		141349B6272885330050C2BC /* ImageCell.swift in Sources */ = {isa = PBXBuildFile; fileRef = 141349B4272885330050C2BC /* ImageCell.swift */; };
		141349B7272885330050C2BC /* ImageCell.xib in Resources */ = {isa = PBXBuildFile; fileRef = 141349B5272885330050C2BC /* ImageCell.xib */; };
		14140118273B044A00258E78 /* Actions.swift in Sources */ = {isa = PBXBuildFile; fileRef = 14140117273B044A00258E78 /* Actions.swift */; };
		1414011A273B058D00258E78 /* Globals.swift in Sources */ = {isa = PBXBuildFile; fileRef = 14140119273B058D00258E78 /* Globals.swift */; };
		143CC0E72731B30900967342 /* TrashMapCell.swift in Sources */ = {isa = PBXBuildFile; fileRef = 143CC0E52731B30900967342 /* TrashMapCell.swift */; };
		143CC0E82731B30900967342 /* TrashMapCell.xib in Resources */ = {isa = PBXBuildFile; fileRef = 143CC0E62731B30900967342 /* TrashMapCell.xib */; };
		143CC0EA2731C04C00967342 /* Objects.swift in Sources */ = {isa = PBXBuildFile; fileRef = 143CC0E92731C04C00967342 /* Objects.swift */; };
		E59CF0EE761431E33B1BC664 /* Pods_Keep_It_Clean.framework in Frameworks */ = {isa = PBXBuildFile; fileRef = 0A06C43138A89E1180AA5193 /* Pods_Keep_It_Clean.framework */; };
/* End PBXBuildFile section */

/* Begin PBXFileReference section */
		0A06C43138A89E1180AA5193 /* Pods_Keep_It_Clean.framework */ = {isa = PBXFileReference; explicitFileType = wrapper.framework; includeInIndex = 0; path = Pods_Keep_It_Clean.framework; sourceTree = BUILT_PRODUCTS_DIR; };
		140410AE2721F23D00D09104 /* Keep It Clean.app */ = {isa = PBXFileReference; explicitFileType = wrapper.application; includeInIndex = 0; path = "Keep It Clean.app"; sourceTree = BUILT_PRODUCTS_DIR; };
		140410B12721F23D00D09104 /* AppDelegate.swift */ = {isa = PBXFileReference; lastKnownFileType = sourcecode.swift; path = AppDelegate.swift; sourceTree = "<group>"; };
		140410B32721F23D00D09104 /* SceneDelegate.swift */ = {isa = PBXFileReference; lastKnownFileType = sourcecode.swift; path = SceneDelegate.swift; sourceTree = "<group>"; };
		140410B52721F23D00D09104 /* MainVC.swift */ = {isa = PBXFileReference; lastKnownFileType = sourcecode.swift; path = MainVC.swift; sourceTree = "<group>"; };
		140410B82721F23D00D09104 /* Base */ = {isa = PBXFileReference; lastKnownFileType = file.storyboard; name = Base; path = Base.lproj/Main.storyboard; sourceTree = "<group>"; };
		140410BA2721F24300D09104 /* Assets.xcassets */ = {isa = PBXFileReference; lastKnownFileType = folder.assetcatalog; path = Assets.xcassets; sourceTree = "<group>"; };
		140410BD2721F24300D09104 /* Base */ = {isa = PBXFileReference; lastKnownFileType = file.storyboard; name = Base; path = Base.lproj/LaunchScreen.storyboard; sourceTree = "<group>"; };
		140410BF2721F24300D09104 /* Info.plist */ = {isa = PBXFileReference; lastKnownFileType = text.plist.xml; path = Info.plist; sourceTree = "<group>"; };
		141349A727286D320050C2BC /* MapVC.swift */ = {isa = PBXFileReference; lastKnownFileType = sourcecode.swift; path = MapVC.swift; sourceTree = "<group>"; };
		141349A827286D320050C2BC /* MapVC.xib */ = {isa = PBXFileReference; lastKnownFileType = file.xib; path = MapVC.xib; sourceTree = "<group>"; };
		141349AB27286D490050C2BC /* CameraVC.swift */ = {isa = PBXFileReference; lastKnownFileType = sourcecode.swift; path = CameraVC.swift; sourceTree = "<group>"; };
		141349AC27286D490050C2BC /* CameraVC.xib */ = {isa = PBXFileReference; lastKnownFileType = file.xib; path = CameraVC.xib; sourceTree = "<group>"; };
		141349AF27286D550050C2BC /* AccountVC.swift */ = {isa = PBXFileReference; lastKnownFileType = sourcecode.swift; path = AccountVC.swift; sourceTree = "<group>"; };
		141349B027286D550050C2BC /* AccountVC.xib */ = {isa = PBXFileReference; lastKnownFileType = file.xib; path = AccountVC.xib; sourceTree = "<group>"; };
		141349B4272885330050C2BC /* ImageCell.swift */ = {isa = PBXFileReference; lastKnownFileType = sourcecode.swift; path = ImageCell.swift; sourceTree = "<group>"; };
		141349B5272885330050C2BC /* ImageCell.xib */ = {isa = PBXFileReference; lastKnownFileType = file.xib; path = ImageCell.xib; sourceTree = "<group>"; };
		14140117273B044A00258E78 /* Actions.swift */ = {isa = PBXFileReference; lastKnownFileType = sourcecode.swift; path = Actions.swift; sourceTree = "<group>"; };
		14140119273B058D00258E78 /* Globals.swift */ = {isa = PBXFileReference; lastKnownFileType = sourcecode.swift; path = Globals.swift; sourceTree = "<group>"; };
		143CC0E52731B30900967342 /* TrashMapCell.swift */ = {isa = PBXFileReference; lastKnownFileType = sourcecode.swift; path = TrashMapCell.swift; sourceTree = "<group>"; };
		143CC0E62731B30900967342 /* TrashMapCell.xib */ = {isa = PBXFileReference; lastKnownFileType = file.xib; path = TrashMapCell.xib; sourceTree = "<group>"; };
		143CC0E92731C04C00967342 /* Objects.swift */ = {isa = PBXFileReference; lastKnownFileType = sourcecode.swift; path = Objects.swift; sourceTree = "<group>"; };
		64D7A705186DB2CBBF8BFC4A /* Pods-Keep It Clean.debug.xcconfig */ = {isa = PBXFileReference; includeInIndex = 1; lastKnownFileType = text.xcconfig; name = "Pods-Keep It Clean.debug.xcconfig"; path = "Target Support Files/Pods-Keep It Clean/Pods-Keep It Clean.debug.xcconfig"; sourceTree = "<group>"; };
		6D212069A615D0DEF0C8173E /* Pods-Keep It Clean.release.xcconfig */ = {isa = PBXFileReference; includeInIndex = 1; lastKnownFileType = text.xcconfig; name = "Pods-Keep It Clean.release.xcconfig"; path = "Target Support Files/Pods-Keep It Clean/Pods-Keep It Clean.release.xcconfig"; sourceTree = "<group>"; };
/* End PBXFileReference section */

/* Begin PBXFrameworksBuildPhase section */
		140410AB2721F23D00D09104 /* Frameworks */ = {
			isa = PBXFrameworksBuildPhase;
			buildActionMask = 2147483647;
			files = (
				E59CF0EE761431E33B1BC664 /* Pods_Keep_It_Clean.framework in Frameworks */,
			);
			runOnlyForDeploymentPostprocessing = 0;
		};
/* End PBXFrameworksBuildPhase section */

/* Begin PBXGroup section */
		140410A52721F23D00D09104 = {
			isa = PBXGroup;
			children = (
				140410B02721F23D00D09104 /* Keep It Clean */,
				140410AF2721F23D00D09104 /* Products */,
				683DF96EB3E5728BD1E07D21 /* Pods */,
				4A0FD4001E06BE24AE260F69 /* Frameworks */,
			);
			sourceTree = "<group>";
		};
		140410AF2721F23D00D09104 /* Products */ = {
			isa = PBXGroup;
			children = (
				140410AE2721F23D00D09104 /* Keep It Clean.app */,
			);
			name = Products;
			sourceTree = "<group>";
		};
		140410B02721F23D00D09104 /* Keep It Clean */ = {
			isa = PBXGroup;
			children = (
				141349B3272885100050C2BC /* Collections */,
				141349A627286CF60050C2BC /* ViewControllers */,
				1413499F27286A030050C2BC /* Helpers */,
				1413499E272864BA0050C2BC /* Storyboards */,
				140410B12721F23D00D09104 /* AppDelegate.swift */,
				140410B52721F23D00D09104 /* MainVC.swift */,
				140410B32721F23D00D09104 /* SceneDelegate.swift */,
				140410B72721F23D00D09104 /* Main.storyboard */,
				140410BA2721F24300D09104 /* Assets.xcassets */,
				140410BC2721F24300D09104 /* LaunchScreen.storyboard */,
				140410BF2721F24300D09104 /* Info.plist */,
			);
			path = "Keep It Clean";
			sourceTree = "<group>";
		};
		1413499E272864BA0050C2BC /* Storyboards */ = {
			isa = PBXGroup;
			children = (
			);
			path = Storyboards;
			sourceTree = "<group>";
		};
		1413499F27286A030050C2BC /* Helpers */ = {
			isa = PBXGroup;
			children = (
				143CC0E92731C04C00967342 /* Objects.swift */,
				14140117273B044A00258E78 /* Actions.swift */,
				14140119273B058D00258E78 /* Globals.swift */,
			);
			path = Helpers;
			sourceTree = "<group>";
		};
		141349A627286CF60050C2BC /* ViewControllers */ = {
			isa = PBXGroup;
			children = (
				141349A727286D320050C2BC /* MapVC.swift */,
				141349A827286D320050C2BC /* MapVC.xib */,
				141349AB27286D490050C2BC /* CameraVC.swift */,
				141349AC27286D490050C2BC /* CameraVC.xib */,
				141349AF27286D550050C2BC /* AccountVC.swift */,
				141349B027286D550050C2BC /* AccountVC.xib */,
			);
			path = ViewControllers;
			sourceTree = "<group>";
		};
		141349B3272885100050C2BC /* Collections */ = {
			isa = PBXGroup;
			children = (
				141349B4272885330050C2BC /* ImageCell.swift */,
				141349B5272885330050C2BC /* ImageCell.xib */,
				143CC0E52731B30900967342 /* TrashMapCell.swift */,
				143CC0E62731B30900967342 /* TrashMapCell.xib */,
			);
			path = Collections;
			sourceTree = "<group>";
		};
		4A0FD4001E06BE24AE260F69 /* Frameworks */ = {
			isa = PBXGroup;
			children = (
				0A06C43138A89E1180AA5193 /* Pods_Keep_It_Clean.framework */,
			);
			name = Frameworks;
			sourceTree = "<group>";
		};
		683DF96EB3E5728BD1E07D21 /* Pods */ = {
			isa = PBXGroup;
			children = (
				64D7A705186DB2CBBF8BFC4A /* Pods-Keep It Clean.debug.xcconfig */,
				6D212069A615D0DEF0C8173E /* Pods-Keep It Clean.release.xcconfig */,
			);
			path = Pods;
			sourceTree = "<group>";
		};
/* End PBXGroup section */

/* Begin PBXNativeTarget section */
		140410AD2721F23D00D09104 /* Keep It Clean */ = {
			isa = PBXNativeTarget;
			buildConfigurationList = 140410C22721F24300D09104 /* Build configuration list for PBXNativeTarget "Keep It Clean" */;
			buildPhases = (
				4E2A25B85E448EB1ED8F2CE4 /* [CP] Check Pods Manifest.lock */,
				140410AA2721F23D00D09104 /* Sources */,
				140410AB2721F23D00D09104 /* Frameworks */,
				140410AC2721F23D00D09104 /* Resources */,
				60670355EADEDC11DA10FEE6 /* [CP] Embed Pods Frameworks */,
			);
			buildRules = (
			);
			dependencies = (
			);
			name = "Keep It Clean";
			productName = "Keep It Clean";
			productReference = 140410AE2721F23D00D09104 /* Keep It Clean.app */;
			productType = "com.apple.product-type.application";
		};
/* End PBXNativeTarget section */

/* Begin PBXProject section */
		140410A62721F23D00D09104 /* Project object */ = {
			isa = PBXProject;
			attributes = {
				LastSwiftUpdateCheck = 1250;
				LastUpgradeCheck = 1250;
				TargetAttributes = {
					140410AD2721F23D00D09104 = {
						CreatedOnToolsVersion = 12.5;
					};
				};
			};
			buildConfigurationList = 140410A92721F23D00D09104 /* Build configuration list for PBXProject "Keep It Clean" */;
			compatibilityVersion = "Xcode 9.3";
			developmentRegion = en;
			hasScannedForEncodings = 0;
			knownRegions = (
				en,
				Base,
			);
			mainGroup = 140410A52721F23D00D09104;
			productRefGroup = 140410AF2721F23D00D09104 /* Products */;
			projectDirPath = "";
			projectRoot = "";
			targets = (
				140410AD2721F23D00D09104 /* Keep It Clean */,
			);
		};
/* End PBXProject section */

/* Begin PBXResourcesBuildPhase section */
		140410AC2721F23D00D09104 /* Resources */ = {
			isa = PBXResourcesBuildPhase;
			buildActionMask = 2147483647;
			files = (
				140410BE2721F24300D09104 /* LaunchScreen.storyboard in Resources */,
				143CC0E82731B30900967342 /* TrashMapCell.xib in Resources */,
				141349AA27286D320050C2BC /* MapVC.xib in Resources */,
				141349B7272885330050C2BC /* ImageCell.xib in Resources */,
				141349B227286D550050C2BC /* AccountVC.xib in Resources */,
				140410BB2721F24300D09104 /* Assets.xcassets in Resources */,
				140410B92721F23D00D09104 /* Main.storyboard in Resources */,
				141349AE27286D490050C2BC /* CameraVC.xib in Resources */,
			);
			runOnlyForDeploymentPostprocessing = 0;
		};
/* End PBXResourcesBuildPhase section */

/* Begin PBXShellScriptBuildPhase section */
		4E2A25B85E448EB1ED8F2CE4 /* [CP] Check Pods Manifest.lock */ = {
			isa = PBXShellScriptBuildPhase;
			buildActionMask = 2147483647;
			files = (
			);
			inputFileListPaths = (
			);
			inputPaths = (
				"${PODS_PODFILE_DIR_PATH}/Podfile.lock",
				"${PODS_ROOT}/Manifest.lock",
			);
			name = "[CP] Check Pods Manifest.lock";
			outputFileListPaths = (
			);
			outputPaths = (
				"$(DERIVED_FILE_DIR)/Pods-Keep It Clean-checkManifestLockResult.txt",
			);
			runOnlyForDeploymentPostprocessing = 0;
			shellPath = /bin/sh;
			shellScript = "diff \"${PODS_PODFILE_DIR_PATH}/Podfile.lock\" \"${PODS_ROOT}/Manifest.lock\" > /dev/null\nif [ $? != 0 ] ; then\n    # print error to STDERR\n    echo \"error: The sandbox is not in sync with the Podfile.lock. Run 'pod install' or update your CocoaPods installation.\" >&2\n    exit 1\nfi\n# This output is used by Xcode 'outputs' to avoid re-running this script phase.\necho \"SUCCESS\" > \"${SCRIPT_OUTPUT_FILE_0}\"\n";
			showEnvVarsInLog = 0;
		};
		60670355EADEDC11DA10FEE6 /* [CP] Embed Pods Frameworks */ = {
			isa = PBXShellScriptBuildPhase;
			buildActionMask = 2147483647;
			files = (
			);
			inputFileListPaths = (
				"${PODS_ROOT}/Target Support Files/Pods-Keep It Clean/Pods-Keep It Clean-frameworks-${CONFIGURATION}-input-files.xcfilelist",
			);
			name = "[CP] Embed Pods Frameworks";
			outputFileListPaths = (
				"${PODS_ROOT}/Target Support Files/Pods-Keep It Clean/Pods-Keep It Clean-frameworks-${CONFIGURATION}-output-files.xcfilelist",
			);
			runOnlyForDeploymentPostprocessing = 0;
			shellPath = /bin/sh;
			shellScript = "\"${PODS_ROOT}/Target Support Files/Pods-Keep It Clean/Pods-Keep It Clean-frameworks.sh\"\n";
			showEnvVarsInLog = 0;
		};
/* End PBXShellScriptBuildPhase section */

/* Begin PBXSourcesBuildPhase section */
		140410AA2721F23D00D09104 /* Sources */ = {
			isa = PBXSourcesBuildPhase;
			buildActionMask = 2147483647;
			files = (
				143CC0E72731B30900967342 /* TrashMapCell.swift in Sources */,
				140410B62721F23D00D09104 /* MainVC.swift in Sources */,
				141349AD27286D490050C2BC /* CameraVC.swift in Sources */,
				141349A927286D320050C2BC /* MapVC.swift in Sources */,
				143CC0EA2731C04C00967342 /* Objects.swift in Sources */,
				1414011A273B058D00258E78 /* Globals.swift in Sources */,
				14140118273B044A00258E78 /* Actions.swift in Sources */,
				140410B22721F23D00D09104 /* AppDelegate.swift in Sources */,
				140410B42721F23D00D09104 /* SceneDelegate.swift in Sources */,
				141349B127286D550050C2BC /* AccountVC.swift in Sources */,
				141349B6272885330050C2BC /* ImageCell.swift in Sources */,
			);
			runOnlyForDeploymentPostprocessing = 0;
		};
/* End PBXSourcesBuildPhase section */

/* Begin PBXVariantGroup section */
		140410B72721F23D00D09104 /* Main.storyboard */ = {
			isa = PBXVariantGroup;
			children = (
				140410B82721F23D00D09104 /* Base */,
			);
			name = Main.storyboard;
			sourceTree = "<group>";
		};
		140410BC2721F24300D09104 /* LaunchScreen.storyboard */ = {
			isa = PBXVariantGroup;
			children = (
				140410BD2721F24300D09104 /* Base */,
			);
			name = LaunchScreen.storyboard;
			sourceTree = "<group>";
		};
/* End PBXVariantGroup section */

/* Begin XCBuildConfiguration section */
		140410C02721F24300D09104 /* Debug */ = {
			isa = XCBuildConfiguration;
			buildSettings = {
				ALWAYS_SEARCH_USER_PATHS = NO;
				CLANG_ANALYZER_NONNULL = YES;
				CLANG_ANALYZER_NUMBER_OBJECT_CONVERSION = YES_AGGRESSIVE;
				CLANG_CXX_LANGUAGE_STANDARD = "gnu++14";
				CLANG_CXX_LIBRARY = "libc++";
				CLANG_ENABLE_MODULES = YES;
				CLANG_ENABLE_OBJC_ARC = YES;
				CLANG_ENABLE_OBJC_WEAK = YES;
				CLANG_WARN_BLOCK_CAPTURE_AUTORELEASING = YES;
				CLANG_WARN_BOOL_CONVERSION = YES;
				CLANG_WARN_COMMA = YES;
				CLANG_WARN_CONSTANT_CONVERSION = YES;
				CLANG_WARN_DEPRECATED_OBJC_IMPLEMENTATIONS = YES;
				CLANG_WARN_DIRECT_OBJC_ISA_USAGE = YES_ERROR;
				CLANG_WARN_DOCUMENTATION_COMMENTS = YES;
				CLANG_WARN_EMPTY_BODY = YES;
				CLANG_WARN_ENUM_CONVERSION = YES;
				CLANG_WARN_INFINITE_RECURSION = YES;
				CLANG_WARN_INT_CONVERSION = YES;
				CLANG_WARN_NON_LITERAL_NULL_CONVERSION = YES;
				CLANG_WARN_OBJC_IMPLICIT_RETAIN_SELF = YES;
				CLANG_WARN_OBJC_LITERAL_CONVERSION = YES;
				CLANG_WARN_OBJC_ROOT_CLASS = YES_ERROR;
				CLANG_WARN_QUOTED_INCLUDE_IN_FRAMEWORK_HEADER = YES;
				CLANG_WARN_RANGE_LOOP_ANALYSIS = YES;
				CLANG_WARN_STRICT_PROTOTYPES = YES;
				CLANG_WARN_SUSPICIOUS_MOVE = YES;
				CLANG_WARN_UNGUARDED_AVAILABILITY = YES_AGGRESSIVE;
				CLANG_WARN_UNREACHABLE_CODE = YES;
				CLANG_WARN__DUPLICATE_METHOD_MATCH = YES;
				COPY_PHASE_STRIP = NO;
				DEBUG_INFORMATION_FORMAT = dwarf;
				ENABLE_STRICT_OBJC_MSGSEND = YES;
				ENABLE_TESTABILITY = YES;
				GCC_C_LANGUAGE_STANDARD = gnu11;
				GCC_DYNAMIC_NO_PIC = NO;
				GCC_NO_COMMON_BLOCKS = YES;
				GCC_OPTIMIZATION_LEVEL = 0;
				GCC_PREPROCESSOR_DEFINITIONS = (
					"DEBUG=1",
					"$(inherited)",
				);
				GCC_WARN_64_TO_32_BIT_CONVERSION = YES;
				GCC_WARN_ABOUT_RETURN_TYPE = YES_ERROR;
				GCC_WARN_UNDECLARED_SELECTOR = YES;
				GCC_WARN_UNINITIALIZED_AUTOS = YES_AGGRESSIVE;
				GCC_WARN_UNUSED_FUNCTION = YES;
				GCC_WARN_UNUSED_VARIABLE = YES;
				IPHONEOS_DEPLOYMENT_TARGET = 14.5;
				MTL_ENABLE_DEBUG_INFO = INCLUDE_SOURCE;
				MTL_FAST_MATH = YES;
				ONLY_ACTIVE_ARCH = YES;
				SDKROOT = iphoneos;
				SWIFT_ACTIVE_COMPILATION_CONDITIONS = DEBUG;
				SWIFT_OPTIMIZATION_LEVEL = "-Onone";
			};
			name = Debug;
		};
		140410C12721F24300D09104 /* Release */ = {
			isa = XCBuildConfiguration;
			buildSettings = {
				ALWAYS_SEARCH_USER_PATHS = NO;
				CLANG_ANALYZER_NONNULL = YES;
				CLANG_ANALYZER_NUMBER_OBJECT_CONVERSION = YES_AGGRESSIVE;
				CLANG_CXX_LANGUAGE_STANDARD = "gnu++14";
				CLANG_CXX_LIBRARY = "libc++";
				CLANG_ENABLE_MODULES = YES;
				CLANG_ENABLE_OBJC_ARC = YES;
				CLANG_ENABLE_OBJC_WEAK = YES;
				CLANG_WARN_BLOCK_CAPTURE_AUTORELEASING = YES;
				CLANG_WARN_BOOL_CONVERSION = YES;
				CLANG_WARN_COMMA = YES;
				CLANG_WARN_CONSTANT_CONVERSION = YES;
				CLANG_WARN_DEPRECATED_OBJC_IMPLEMENTATIONS = YES;
				CLANG_WARN_DIRECT_OBJC_ISA_USAGE = YES_ERROR;
				CLANG_WARN_DOCUMENTATION_COMMENTS = YES;
				CLANG_WARN_EMPTY_BODY = YES;
				CLANG_WARN_ENUM_CONVERSION = YES;
				CLANG_WARN_INFINITE_RECURSION = YES;
				CLANG_WARN_INT_CONVERSION = YES;
				CLANG_WARN_NON_LITERAL_NULL_CONVERSION = YES;
				CLANG_WARN_OBJC_IMPLICIT_RETAIN_SELF = YES;
				CLANG_WARN_OBJC_LITERAL_CONVERSION = YES;
				CLANG_WARN_OBJC_ROOT_CLASS = YES_ERROR;
				CLANG_WARN_QUOTED_INCLUDE_IN_FRAMEWORK_HEADER = YES;
				CLANG_WARN_RANGE_LOOP_ANALYSIS = YES;
				CLANG_WARN_STRICT_PROTOTYPES = YES;
				CLANG_WARN_SUSPICIOUS_MOVE = YES;
				CLANG_WARN_UNGUARDED_AVAILABILITY = YES_AGGRESSIVE;
				CLANG_WARN_UNREACHABLE_CODE = YES;
				CLANG_WARN__DUPLICATE_METHOD_MATCH = YES;
				COPY_PHASE_STRIP = NO;
				DEBUG_INFORMATION_FORMAT = "dwarf-with-dsym";
				ENABLE_NS_ASSERTIONS = NO;
				ENABLE_STRICT_OBJC_MSGSEND = YES;
				GCC_C_LANGUAGE_STANDARD = gnu11;
				GCC_NO_COMMON_BLOCKS = YES;
				GCC_WARN_64_TO_32_BIT_CONVERSION = YES;
				GCC_WARN_ABOUT_RETURN_TYPE = YES_ERROR;
				GCC_WARN_UNDECLARED_SELECTOR = YES;
				GCC_WARN_UNINITIALIZED_AUTOS = YES_AGGRESSIVE;
				GCC_WARN_UNUSED_FUNCTION = YES;
				GCC_WARN_UNUSED_VARIABLE = YES;
				IPHONEOS_DEPLOYMENT_TARGET = 14.5;
				MTL_ENABLE_DEBUG_INFO = NO;
				MTL_FAST_MATH = YES;
				SDKROOT = iphoneos;
				SWIFT_COMPILATION_MODE = wholemodule;
				SWIFT_OPTIMIZATION_LEVEL = "-O";
				VALIDATE_PRODUCT = YES;
			};
			name = Release;
		};
		140410C32721F24300D09104 /* Debug */ = {
			isa = XCBuildConfiguration;
			baseConfigurationReference = 64D7A705186DB2CBBF8BFC4A /* Pods-Keep It Clean.debug.xcconfig */;
			buildSettings = {
				ASSETCATALOG_COMPILER_APPICON_NAME = AppIcon;
				ASSETCATALOG_COMPILER_GLOBAL_ACCENT_COLOR_NAME = AccentColor;
				CODE_SIGN_STYLE = Automatic;
				DEVELOPMENT_TEAM = Q3DX82J2GK;
				INFOPLIST_FILE = "Keep It Clean/Info.plist";
				LD_RUNPATH_SEARCH_PATHS = (
					"$(inherited)",
					"@executable_path/Frameworks",
				);
				PRODUCT_BUNDLE_IDENTIFIER = "com.learnmeja.Keep-It-Clean";
				PRODUCT_NAME = "$(TARGET_NAME)";
				SWIFT_VERSION = 5.0;
				TARGETED_DEVICE_FAMILY = "1,2";
			};
			name = Debug;
		};
		140410C42721F24300D09104 /* Release */ = {
			isa = XCBuildConfiguration;
			baseConfigurationReference = 6D212069A615D0DEF0C8173E /* Pods-Keep It Clean.release.xcconfig */;
			buildSettings = {
				ASSETCATALOG_COMPILER_APPICON_NAME = AppIcon;
				ASSETCATALOG_COMPILER_GLOBAL_ACCENT_COLOR_NAME = AccentColor;
				CODE_SIGN_STYLE = Automatic;
				DEVELOPMENT_TEAM = Q3DX82J2GK;
				INFOPLIST_FILE = "Keep It Clean/Info.plist";
				LD_RUNPATH_SEARCH_PATHS = (
					"$(inherited)",
					"@executable_path/Frameworks",
				);
				PRODUCT_BUNDLE_IDENTIFIER = "com.learnmeja.Keep-It-Clean";
				PRODUCT_NAME = "$(TARGET_NAME)";
				SWIFT_VERSION = 5.0;
				TARGETED_DEVICE_FAMILY = "1,2";
			};
			name = Release;
		};
/* End XCBuildConfiguration section */

/* Begin XCConfigurationList section */
		140410A92721F23D00D09104 /* Build configuration list for PBXProject "Keep It Clean" */ = {
			isa = XCConfigurationList;
			buildConfigurations = (
				140410C02721F24300D09104 /* Debug */,
				140410C12721F24300D09104 /* Release */,
			);
			defaultConfigurationIsVisible = 0;
			defaultConfigurationName = Release;
		};
		140410C22721F24300D09104 /* Build configuration list for PBXNativeTarget "Keep It Clean" */ = {
			isa = XCConfigurationList;
			buildConfigurations = (
				140410C32721F24300D09104 /* Debug */,
				140410C42721F24300D09104 /* Release */,
			);
			defaultConfigurationIsVisible = 0;
			defaultConfigurationName = Release;
		};
/* End XCConfigurationList section */
	};
	rootObject = 140410A62721F23D00D09104 /* Project object */;
}
